{
  "name": "persistence",
  "version": "1.0.9",
  "dependencies": {
    "microee": {
      "version": "0.0.6",
      "from": "microee@0.0.6",
      "resolved": "https://registry.npmjs.org/microee/-/microee-0.0.6.tgz"
    },
    "redis": {
      "version": "0.12.1",
      "from": "redis@0.12.1",
      "resolved": "https://registry.npmjs.org/redis/-/redis-0.12.1.tgz"
    },
    "redis-sentinel": {
      "version": "0.3.4",
      "from": "zendesk/node-redis-sentinel",
      "resolved": "git://github.com/zendesk/node-redis-sentinel.git#218fffe98b6e702e034e0874de4bc68bc78e5f7b",
      "dependencies": {
        "redis": {
          "version": "0.12.1",
          "from": "redis@>=0.12.0 <0.13.0",
          "resolved": "https://registry.npmjs.org/redis/-/redis-0.12.1.tgz"
        },
        "when": {
          "version": "3.7.8",
          "from": "when@>=3.5.1 <4.0.0",
          "resolved": "https://registry.npmjs.org/when/-/when-3.7.8.tgz"
        },
        "minilog": {
          "version": "3.1.0",
          "from": "minilog@*",
          "resolved": "https://registry.npmjs.org/minilog/-/minilog-3.1.0.tgz"
        }
      }
    }
  }
}
