{
  "name": "persistence",
  "version": "1.0.7",
  "dependencies": {
    "callback_tracker": {
      "version": "0.1.0",
      "from": "https://registry.npmjs.org/callback_tracker/-/callback_tracker-0.1.0.tgz",
      "resolved": "https://registry.npmjs.org/callback_tracker/-/callback_tracker-0.1.0.tgz"
    },
    "debug": {
      "version": "2.2.0",
      "from": "debug@2.2.0",
      "resolved": "https://registry.npmjs.org/debug/-/debug-2.2.0.tgz",
      "dependencies": {
        "ms": {
          "version": "0.7.1",
          "from": "ms@0.7.1",
          "resolved": "https://registry.npmjs.org/ms/-/ms-0.7.1.tgz"
        }
      }
    },
    "diff": {
      "version": "1.4.0",
      "from": "diff@1.4.0",
      "resolved": "https://registry.npmjs.org/diff/-/diff-1.4.0.tgz"
    },
    "glob": {
      "version": "7.0.5",
      "from": "glob@7.0.5",
      "resolved": "https://registry.npmjs.org/glob/-/glob-7.0.5.tgz",
      "dependencies": {
        "fs.realpath": {
          "version": "1.0.0",
          "from": "fs.realpath@>=1.0.0 <2.0.0",
          "resolved": "https://registry.npmjs.org/fs.realpath/-/fs.realpath-1.0.0.tgz"
        },
        "inflight": {
          "version": "1.0.6",
          "from": "inflight@>=1.0.4 <2.0.0",
          "resolved": "https://registry.npmjs.org/inflight/-/inflight-1.0.6.tgz",
          "dependencies": {
            "wrappy": {
              "version": "1.0.2",
              "from": "wrappy@>=1.0.0 <2.0.0",
              "resolved": "https://registry.npmjs.org/wrappy/-/wrappy-1.0.2.tgz"
            }
          }
        },
        "inherits": {
          "version": "2.0.4",
          "from": "inherits@>=2.0.0 <3.0.0",
          "resolved": "https://registry.npmjs.org/inherits/-/inherits-2.0.4.tgz"
        },
        "minimatch": {
          "version": "3.0.4",
          "from": "minimatch@>=3.0.2 <4.0.0",
          "resolved": "https://registry.npmjs.org/minimatch/-/minimatch-3.0.4.tgz",
          "dependencies": {
            "brace-expansion": {
              "version": "1.1.11",
              "from": "brace-expansion@>=1.1.7 <2.0.0",
              "resolved": "https://registry.npmjs.org/brace-expansion/-/brace-expansion-1.1.11.tgz",
              "dependencies": {
                "balanced-match": {
                  "version": "1.0.0",
                  "from": "balanced-match@>=1.0.0 <2.0.0",
                  "resolved": "https://registry.npmjs.org/balanced-match/-/balanced-match-1.0.0.tgz"
                },
                "concat-map": {
                  "version": "0.0.1",
                  "from": "concat-map@0.0.1",
                  "resolved": "https://registry.npmjs.org/concat-map/-/concat-map-0.0.1.tgz"
                }
              }
            }
          }
        },
        "once": {
          "version": "1.4.0",
          "from": "once@>=1.3.0 <2.0.0",
          "resolved": "https://registry.npmjs.org/once/-/once-1.4.0.tgz",
          "dependencies": {
            "wrappy": {
              "version": "1.0.2",
              "from": "wrappy@>=1.0.0 <2.0.0",
              "resolved": "https://registry.npmjs.org/wrappy/-/wrappy-1.0.2.tgz"
            }
          }
        },
        "path-is-absolute": {
          "version": "1.0.1",
          "from": "path-is-absolute@>=1.0.0 <2.0.0",
          "resolved": "https://registry.npmjs.org/path-is-absolute/-/path-is-absolute-1.0.1.tgz"
        }
      }
    },
    "json3": {
      "version": "3.3.2",
      "from": "json3@3.3.2",
      "resolved": "https://registry.npmjs.org/json3/-/json3-3.3.2.tgz"
    },
    "lodash.create": {
      "version": "3.1.1",
      "from": "lodash.create@3.1.1",
      "resolved": "https://registry.npmjs.org/lodash.create/-/lodash.create-3.1.1.tgz",
      "dependencies": {
        "lodash._baseassign": {
          "version": "3.2.0",
          "from": "lodash._baseassign@>=3.0.0 <4.0.0",
          "resolved": "https://registry.npmjs.org/lodash._baseassign/-/lodash._baseassign-3.2.0.tgz",
          "dependencies": {
            "lodash._basecopy": {
              "version": "3.0.1",
              "from": "lodash._basecopy@>=3.0.0 <4.0.0",
              "resolved": "https://registry.npmjs.org/lodash._basecopy/-/lodash._basecopy-3.0.1.tgz"
            },
            "lodash.keys": {
              "version": "3.1.2",
              "from": "lodash.keys@>=3.0.0 <4.0.0",
              "resolved": "https://registry.npmjs.org/lodash.keys/-/lodash.keys-3.1.2.tgz",
              "dependencies": {
                "lodash._getnative": {
                  "version": "3.9.1",
                  "from": "lodash._getnative@>=3.0.0 <4.0.0",
                  "resolved": "https://registry.npmjs.org/lodash._getnative/-/lodash._getnative-3.9.1.tgz"
                },
                "lodash.isarguments": {
                  "version": "3.1.0",
                  "from": "lodash.isarguments@>=3.0.0 <4.0.0",
                  "resolved": "https://registry.npmjs.org/lodash.isarguments/-/lodash.isarguments-3.1.0.tgz"
                },
                "lodash.isarray": {
                  "version": "3.0.4",
                  "from": "lodash.isarray@>=3.0.0 <4.0.0",
                  "resolved": "https://registry.npmjs.org/lodash.isarray/-/lodash.isarray-3.0.4.tgz"
                }
              }
            }
          }
        },
        "lodash._basecreate": {
          "version": "3.0.3",
          "from": "lodash._basecreate@>=3.0.0 <4.0.0",
          "resolved": "https://registry.npmjs.org/lodash._basecreate/-/lodash._basecreate-3.0.3.tgz"
        },
        "lodash._isiterateecall": {
          "version": "3.0.9",
          "from": "lodash._isiterateecall@>=3.0.0 <4.0.0",
          "resolved": "https://registry.npmjs.org/lodash._isiterateecall/-/lodash._isiterateecall-3.0.9.tgz"
        }
      }
    },
    "minilog": {
      "version": "3.1.0",
      "from": "https://registry.npmjs.org/minilog/-/minilog-3.1.0.tgz",
      "resolved": "https://registry.npmjs.org/minilog/-/minilog-3.1.0.tgz",
      "dependencies": {
        "microee": {
          "version": "0.0.6",
          "from": "https://registry.npmjs.org/microee/-/microee-0.0.6.tgz",
          "resolved": "https://registry.npmjs.org/microee/-/microee-0.0.6.tgz"
        }
      }
    },
    "mocha": {
      "version": "3.2.0",
      "from": "https://registry.npmjs.org/mocha/-/mocha-3.2.0.tgz",
      "resolved": "https://registry.npmjs.org/mocha/-/mocha-3.2.0.tgz",
      "dependencies": {
        "browser-stdout": {
          "version": "1.3.0",
          "from": "https://registry.npmjs.org/browser-stdout/-/browser-stdout-1.3.0.tgz",
          "resolved": "https://registry.npmjs.org/browser-stdout/-/browser-stdout-1.3.0.tgz"
        },
        "commander": {
          "version": "2.9.0",
          "from": "https://registry.npmjs.org/commander/-/commander-2.9.0.tgz",
          "resolved": "https://registry.npmjs.org/commander/-/commander-2.9.0.tgz",
          "dependencies": {
            "graceful-readlink": {
              "version": "1.0.1",
              "from": "graceful-readlink@>=1.0.0",
              "resolved": "https://registry.npmjs.org/graceful-readlink/-/graceful-readlink-1.0.1.tgz"
            }
          }
        },
        "escape-string-regexp": {
          "version": "1.0.5",
          "from": "https://registry.npmjs.org/escape-string-regexp/-/escape-string-regexp-1.0.5.tgz",
          "resolved": "https://registry.npmjs.org/escape-string-regexp/-/escape-string-regexp-1.0.5.tgz"
        },
        "growl": {
          "version": "1.9.2",
          "from": "https://registry.npmjs.org/growl/-/growl-1.9.2.tgz",
          "resolved": "https://registry.npmjs.org/growl/-/growl-1.9.2.tgz"
        },
        "mkdirp": {
          "version": "0.5.1",
          "from": "https://registry.npmjs.org/mkdirp/-/mkdirp-0.5.1.tgz",
          "resolved": "https://registry.npmjs.org/mkdirp/-/mkdirp-0.5.1.tgz",
          "dependencies": {
            "minimist": {
              "version": "0.0.8",
              "from": "https://registry.npmjs.org/minimist/-/minimist-0.0.8.tgz",
              "resolved": "https://registry.npmjs.org/minimist/-/minimist-0.0.8.tgz"
            }
          }
        },
        "supports-color": {
          "version": "3.1.2",
          "from": "https://registry.npmjs.org/supports-color/-/supports-color-3.1.2.tgz",
          "resolved": "https://registry.npmjs.org/supports-color/-/supports-color-3.1.2.tgz",
          "dependencies": {
            "has-flag": {
              "version": "1.0.0",
              "from": "https://registry.npmjs.org/has-flag/-/has-flag-1.0.0.tgz",
              "resolved": "https://registry.npmjs.org/has-flag/-/has-flag-1.0.0.tgz"
            }
          }
        }
      }
    },
    "proxyquire": {
      "version": "1.7.11",
      "from": "https://registry.npmjs.org/proxyquire/-/proxyquire-1.7.11.tgz",
      "resolved": "https://registry.npmjs.org/proxyquire/-/proxyquire-1.7.11.tgz",
      "dependencies": {
        "fill-keys": {
          "version": "1.0.2",
          "from": "https://registry.npmjs.org/fill-keys/-/fill-keys-1.0.2.tgz",
          "resolved": "https://registry.npmjs.org/fill-keys/-/fill-keys-1.0.2.tgz",
          "dependencies": {
            "is-object": {
              "version": "1.0.1",
              "from": "https://registry.npmjs.org/is-object/-/is-object-1.0.1.tgz",
              "resolved": "https://registry.npmjs.org/is-object/-/is-object-1.0.1.tgz"
            },
            "merge-descriptors": {
              "version": "1.0.1",
              "from": "https://registry.npmjs.org/merge-descriptors/-/merge-descriptors-1.0.1.tgz",
              "resolved": "https://registry.npmjs.org/merge-descriptors/-/merge-descriptors-1.0.1.tgz"
            }
          }
        },
        "module-not-found-error": {
          "version": "1.0.1",
          "from": "https://registry.npmjs.org/module-not-found-error/-/module-not-found-error-1.0.1.tgz",
          "resolved": "https://registry.npmjs.org/module-not-found-error/-/module-not-found-error-1.0.1.tgz"
        },
        "resolve": {
          "version": "1.1.7",
          "from": "https://registry.npmjs.org/resolve/-/resolve-1.1.7.tgz",
          "resolved": "https://registry.npmjs.org/resolve/-/resolve-1.1.7.tgz"
        }
      }
    },
    "redis": {
      "version": "0.12.1",
      "from": "https://registry.npmjs.org/redis/-/redis-0.12.1.tgz",
      "resolved": "https://registry.npmjs.org/redis/-/redis-0.12.1.tgz"
    },
    "redis-sentinel": {
      "version": "0.3.4",
      "from": "git://github.com/zendesk/node-redis-sentinel.git#218fffe98b6e702e034e0874de4bc68bc78e5f7b",
      "resolved": "git://github.com/zendesk/node-redis-sentinel.git#218fffe98b6e702e034e0874de4bc68bc78e5f7b",
      "dependencies": {
        "when": {
          "version": "3.7.8",
          "from": "https://registry.npmjs.org/when/-/when-3.7.8.tgz",
          "resolved": "https://registry.npmjs.org/when/-/when-3.7.8.tgz"
        }
      }
    },
    "simple_sentinel": {
      "version": "0.1.8",
      "from": "https://registry.npmjs.org/simple_sentinel/-/simple_sentinel-0.1.8.tgz",
      "resolved": "https://registry.npmjs.org/simple_sentinel/-/simple_sentinel-0.1.8.tgz",
      "dependencies": {
        "commander": {
          "version": "2.9.0",
          "from": "https://registry.npmjs.org/commander/-/commander-2.9.0.tgz",
          "resolved": "https://registry.npmjs.org/commander/-/commander-2.9.0.tgz",
          "dependencies": {
            "graceful-readlink": {
              "version": "1.0.1",
              "from": "graceful-readlink@>=1.0.0",
              "resolved": "https://registry.npmjs.org/graceful-readlink/-/graceful-readlink-1.0.1.tgz"
            }
          }
        },
        "shelljs": {
          "version": "0.7.7",
          "from": "https://registry.npmjs.org/shelljs/-/shelljs-0.7.7.tgz",
          "resolved": "https://registry.npmjs.org/shelljs/-/shelljs-0.7.7.tgz",
          "dependencies": {
            "glob": {
              "version": "7.1.4",
              "from": "https://registry.npmjs.org/glob/-/glob-7.1.4.tgz",
              "resolved": "https://registry.npmjs.org/glob/-/glob-7.1.4.tgz",
              "dependencies": {
                "fs.realpath": {
                  "version": "1.0.0",
                  "from": "https://registry.npmjs.org/fs.realpath/-/fs.realpath-1.0.0.tgz",
                  "resolved": "https://registry.npmjs.org/fs.realpath/-/fs.realpath-1.0.0.tgz"
                },
                "inflight": {
                  "version": "1.0.6",
                  "from": "https://registry.npmjs.org/inflight/-/inflight-1.0.6.tgz",
                  "resolved": "https://registry.npmjs.org/inflight/-/inflight-1.0.6.tgz",
                  "dependencies": {
                    "wrappy": {
                      "version": "1.0.2",
                      "from": "https://registry.npmjs.org/wrappy/-/wrappy-1.0.2.tgz",
                      "resolved": "https://registry.npmjs.org/wrappy/-/wrappy-1.0.2.tgz"
                    }
                  }
                },
                "inherits": {
                  "version": "2.0.4",
                  "from": "https://registry.npmjs.org/inherits/-/inherits-2.0.4.tgz",
                  "resolved": "https://registry.npmjs.org/inherits/-/inherits-2.0.4.tgz"
                },
                "minimatch": {
                  "version": "3.0.4",
                  "from": "https://registry.npmjs.org/minimatch/-/minimatch-3.0.4.tgz",
                  "resolved": "https://registry.npmjs.org/minimatch/-/minimatch-3.0.4.tgz",
                  "dependencies": {
                    "brace-expansion": {
                      "version": "1.1.11",
                      "from": "https://registry.npmjs.org/brace-expansion/-/brace-expansion-1.1.11.tgz",
                      "resolved": "https://registry.npmjs.org/brace-expansion/-/brace-expansion-1.1.11.tgz",
                      "dependencies": {
                        "balanced-match": {
                          "version": "1.0.0",
                          "from": "https://registry.npmjs.org/balanced-match/-/balanced-match-1.0.0.tgz",
                          "resolved": "https://registry.npmjs.org/balanced-match/-/balanced-match-1.0.0.tgz"
                        },
                        "concat-map": {
                          "version": "0.0.1",
                          "from": "https://registry.npmjs.org/concat-map/-/concat-map-0.0.1.tgz",
                          "resolved": "https://registry.npmjs.org/concat-map/-/concat-map-0.0.1.tgz"
                        }
                      }
                    }
                  }
                },
                "once": {
                  "version": "1.4.0",
                  "from": "https://registry.npmjs.org/once/-/once-1.4.0.tgz",
                  "resolved": "https://registry.npmjs.org/once/-/once-1.4.0.tgz",
                  "dependencies": {
                    "wrappy": {
                      "version": "1.0.2",
                      "from": "https://registry.npmjs.org/wrappy/-/wrappy-1.0.2.tgz",
                      "resolved": "https://registry.npmjs.org/wrappy/-/wrappy-1.0.2.tgz"
                    }
                  }
                },
                "path-is-absolute": {
                  "version": "1.0.1",
                  "from": "https://registry.npmjs.org/path-is-absolute/-/path-is-absolute-1.0.1.tgz",
                  "resolved": "https://registry.npmjs.org/path-is-absolute/-/path-is-absolute-1.0.1.tgz"
                }
              }
            },
            "interpret": {
              "version": "1.2.0",
              "from": "https://registry.npmjs.org/interpret/-/interpret-1.2.0.tgz",
              "resolved": "https://registry.npmjs.org/interpret/-/interpret-1.2.0.tgz"
            },
            "rechoir": {
              "version": "0.6.2",
              "from": "https://registry.npmjs.org/rechoir/-/rechoir-0.6.2.tgz",
              "resolved": "https://registry.npmjs.org/rechoir/-/rechoir-0.6.2.tgz",
              "dependencies": {
                "resolve": {
                  "version": "1.11.1",
                  "from": "https://registry.npmjs.org/resolve/-/resolve-1.11.1.tgz",
                  "resolved": "https://registry.npmjs.org/resolve/-/resolve-1.11.1.tgz",
                  "dependencies": {
                    "path-parse": {
                      "version": "1.0.6",
                      "from": "https://registry.npmjs.org/path-parse/-/path-parse-1.0.6.tgz",
                      "resolved": "https://registry.npmjs.org/path-parse/-/path-parse-1.0.6.tgz"
                    }
                  }
                }
              }
            }
          }
        }
      }
    }
  }
}
